// !$*UTF8*$!
{
	archiveVersion = 1;
	classes = {
	};
	objectVersion = 46;
	objects = {

/* Begin PBXBuildFile section */
		475FEF121F51A2760047059F /* main.m in Sources */ = {isa = PBXBuildFile; fileRef = 475FEF111F51A2760047059F /* main.m */; };
		475FEF151F51A2760047059F /* AppDelegate.m in Sources */ = {isa = PBXBuildFile; fileRef = 475FEF141F51A2760047059F /* AppDelegate.m */; };
		475FEF1B1F51A2760047059F /* Main.storyboard in Resources */ = {isa = PBXBuildFile; fileRef = 475FEF191F51A2760047059F /* Main.storyboard */; };
		475FEF1D1F51A2760047059F /* Assets.xcassets in Resources */ = {isa = PBXBuildFile; fileRef = 475FEF1C1F51A2760047059F /* Assets.xcassets */; };
		475FEF201F51A2760047059F /* LaunchScreen.storyboard in Resources */ = {isa = PBXBuildFile; fileRef = 475FEF1E1F51A2760047059F /* LaunchScreen.storyboard */; };
		475FEF291F51A3EA0047059F /* RootViewController.m in Sources */ = {isa = PBXBuildFile; fileRef = 475FEF281F51A3EA0047059F /* RootViewController.m */; };
		475FEF3A1F51ACAF0047059F /* HomeTableViewController.m in Sources */ = {isa = PBXBuildFile; fileRef = 475FEF391F51ACAF0047059F /* HomeTableViewController.m */; };
		475FEF3D1F51ACB80047059F /* RecipesTableViewController.m in Sources */ = {isa = PBXBuildFile; fileRef = 475FEF3B1F51ACB80047059F /* RecipesTableViewController.m */; };
		475FEF431F51ACED0047059F /* OnkeyRecipesView.m in Sources */ = {isa = PBXBuildFile; fileRef = 475FEF421F51ACED0047059F /* OnkeyRecipesView.m */; };
		475FEF451F51ACFF0047059F /* OnkeyRecipesView.xib in Resources */ = {isa = PBXBuildFile; fileRef = 475FEF441F51ACFF0047059F /* OnkeyRecipesView.xib */; };
		475FEF4D1F51D9D90047059F /* RecipesDetailViewController.m in Sources */ = {isa = PBXBuildFile; fileRef = 475FEF4C1F51D9D90047059F /* RecipesDetailViewController.m */; };
		475FEF561F5275900047059F /* RefrigeratorTableViewCell.m in Sources */ = {isa = PBXBuildFile; fileRef = 475FEF541F5275900047059F /* RefrigeratorTableViewCell.m */; };
		475FEF571F5275900047059F /* RefrigeratorTableViewCell.xib in Resources */ = {isa = PBXBuildFile; fileRef = 475FEF551F5275900047059F /* RefrigeratorTableViewCell.xib */; };
		475FEF591F5276440047059F /* FoodTableViewController.m in Sources */ = {isa = PBXBuildFile; fileRef = 475FEF581F5276440047059F /* FoodTableViewController.m */; };
		475FEF5D1F5279150047059F /* RefrigeratorViewController.m in Sources */ = {isa = PBXBuildFile; fileRef = 475FEF5C1F5279150047059F /* RefrigeratorViewController.m */; };
		475FEF611F5454060047059F /* AddFoodViewController.m in Sources */ = {isa = PBXBuildFile; fileRef = 475FEF5F1F5454060047059F /* AddFoodViewController.m */; };
		475FEF621F5454060047059F /* AddFoodViewController.xib in Resources */ = {isa = PBXBuildFile; fileRef = 475FEF601F5454060047059F /* AddFoodViewController.xib */; };
		475FEF641F5457A60047059F /* libsqlite3.0.tbd in Frameworks */ = {isa = PBXBuildFile; fileRef = 475FEF631F5457A60047059F /* libsqlite3.0.tbd */; };
		475FEF681F54580E0047059F /* DataBaseManager.m in Sources */ = {isa = PBXBuildFile; fileRef = 475FEF671F54580E0047059F /* DataBaseManager.m */; };
		47E5F89E1F54635200F5832B /* FoodModel.m in Sources */ = {isa = PBXBuildFile; fileRef = 47E5F89D1F54635200F5832B /* FoodModel.m */; };
		CC9A1951D81543A4F0FE2A3C /* libPods-Recipes.a in Frameworks */ = {isa = PBXBuildFile; fileRef = 48E01FD8C015BF5D3101127B /* libPods-Recipes.a */; };
/* End PBXBuildFile section */

/* Begin PBXFileReference section */
		13B0E66D678D9077DEDA70D0 /* Pods-Recipes.release.xcconfig */ = {isa = PBXFileReference; includeInIndex = 1; lastKnownFileType = text.xcconfig; name = "Pods-Recipes.release.xcconfig"; path = "Pods/Target Support Files/Pods-Recipes/Pods-Recipes.release.xcconfig"; sourceTree = "<group>"; };
		475FEF0D1F51A2760047059F /* Recipes.app */ = {isa = PBXFileReference; explicitFileType = wrapper.application; includeInIndex = 0; path = Recipes.app; sourceTree = BUILT_PRODUCTS_DIR; };
		475FEF111F51A2760047059F /* main.m */ = {isa = PBXFileReference; lastKnownFileType = sourcecode.c.objc; path = main.m; sourceTree = "<group>"; };
		475FEF131F51A2760047059F /* AppDelegate.h */ = {isa = PBXFileReference; lastKnownFileType = sourcecode.c.h; path = AppDelegate.h; sourceTree = "<group>"; };
		475FEF141F51A2760047059F /* AppDelegate.m */ = {isa = PBXFileReference; lastKnownFileType = sourcecode.c.objc; path = AppDelegate.m; sourceTree = "<group>"; };
		475FEF1A1F51A2760047059F /* Base */ = {isa = PBXFileReference; lastKnownFileType = file.storyboard; name = Base; path = Base.lproj/Main.storyboard; sourceTree = "<group>"; };
		475FEF1C1F51A2760047059F /* Assets.xcassets */ = {isa = PBXFileReference; lastKnownFileType = folder.assetcatalog; path = Assets.xcassets; sourceTree = "<group>"; };
		475FEF1F1F51A2760047059F /* Base */ = {isa = PBXFileReference; lastKnownFileType = file.storyboard; name = Base; path = Base.lproj/LaunchScreen.storyboard; sourceTree = "<group>"; };
		475FEF211F51A2760047059F /* Info.plist */ = {isa = PBXFileReference; lastKnownFileType = text.plist.xml; path = Info.plist; sourceTree = "<group>"; };
		475FEF271F51A3EA0047059F /* RootViewController.h */ = {isa = PBXFileReference; fileEncoding = 4; lastKnownFileType = sourcecode.c.h; path = RootViewController.h; sourceTree = "<group>"; };
		475FEF281F51A3EA0047059F /* RootViewController.m */ = {isa = PBXFileReference; fileEncoding = 4; lastKnownFileType = sourcecode.c.objc; path = RootViewController.m; sourceTree = "<group>"; };
		475FEF371F51ACA50047059F /* FoodTableViewController.h */ = {isa = PBXFileReference; fileEncoding = 4; lastKnownFileType = sourcecode.c.h; path = FoodTableViewController.h; sourceTree = "<group>"; };
		475FEF381F51ACAF0047059F /* HomeTableViewController.h */ = {isa = PBXFileReference; fileEncoding = 4; lastKnownFileType = sourcecode.c.h; path = HomeTableViewController.h; sourceTree = "<group>"; };
		475FEF391F51ACAF0047059F /* HomeTableViewController.m */ = {isa = PBXFileReference; fileEncoding = 4; lastKnownFileType = sourcecode.c.objc; path = HomeTableViewController.m; sourceTree = "<group>"; };
		475FEF3B1F51ACB80047059F /* RecipesTableViewController.m */ = {isa = PBXFileReference; fileEncoding = 4; lastKnownFileType = sourcecode.c.objc; path = RecipesTableViewController.m; sourceTree = "<group>"; };
		475FEF411F51ACED0047059F /* OnkeyRecipesView.h */ = {isa = PBXFileReference; fileEncoding = 4; lastKnownFileType = sourcecode.c.h; path = OnkeyRecipesView.h; sourceTree = "<group>"; };
		475FEF421F51ACED0047059F /* OnkeyRecipesView.m */ = {isa = PBXFileReference; fileEncoding = 4; lastKnownFileType = sourcecode.c.objc; path = OnkeyRecipesView.m; sourceTree = "<group>"; };
		475FEF441F51ACFF0047059F /* OnkeyRecipesView.xib */ = {isa = PBXFileReference; fileEncoding = 4; lastKnownFileType = file.xib; path = OnkeyRecipesView.xib; sourceTree = "<group>"; };
		475FEF461F51B49D0047059F /* PrefixHeader.pch */ = {isa = PBXFileReference; fileEncoding = 4; lastKnownFileType = sourcecode.c.h; path = PrefixHeader.pch; sourceTree = "<group>"; };
		475FEF4B1F51D9D90047059F /* RecipesDetailViewController.h */ = {isa = PBXFileReference; fileEncoding = 4; lastKnownFileType = sourcecode.c.h; path = RecipesDetailViewController.h; sourceTree = "<group>"; };
		475FEF4C1F51D9D90047059F /* RecipesDetailViewController.m */ = {isa = PBXFileReference; fileEncoding = 4; lastKnownFileType = sourcecode.c.objc; path = RecipesDetailViewController.m; sourceTree = "<group>"; };
		475FEF531F5275900047059F /* RefrigeratorTableViewCell.h */ = {isa = PBXFileReference; fileEncoding = 4; lastKnownFileType = sourcecode.c.h; path = RefrigeratorTableViewCell.h; sourceTree = "<group>"; };
		475FEF541F5275900047059F /* RefrigeratorTableViewCell.m */ = {isa = PBXFileReference; fileEncoding = 4; lastKnownFileType = sourcecode.c.objc; path = RefrigeratorTableViewCell.m; sourceTree = "<group>"; };
		475FEF551F5275900047059F /* RefrigeratorTableViewCell.xib */ = {isa = PBXFileReference; fileEncoding = 4; lastKnownFileType = file.xib; path = RefrigeratorTableViewCell.xib; sourceTree = "<group>"; };
		475FEF581F5276440047059F /* FoodTableViewController.m */ = {isa = PBXFileReference; fileEncoding = 4; lastKnownFileType = sourcecode.c.objc; path = FoodTableViewController.m; sourceTree = "<group>"; };
		475FEF5A1F5276550047059F /* RecipesTableViewController.h */ = {isa = PBXFileReference; fileEncoding = 4; lastKnownFileType = sourcecode.c.h; path = RecipesTableViewController.h; sourceTree = "<group>"; };
		475FEF5B1F5279150047059F /* RefrigeratorViewController.h */ = {isa = PBXFileReference; fileEncoding = 4; lastKnownFileType = sourcecode.c.h; path = RefrigeratorViewController.h; sourceTree = "<group>"; };
		475FEF5C1F5279150047059F /* RefrigeratorViewController.m */ = {isa = PBXFileReference; fileEncoding = 4; lastKnownFileType = sourcecode.c.objc; path = RefrigeratorViewController.m; sourceTree = "<group>"; };
		475FEF5E1F5454060047059F /* AddFoodViewController.h */ = {isa = PBXFileReference; fileEncoding = 4; lastKnownFileType = sourcecode.c.h; path = AddFoodViewController.h; sourceTree = "<group>"; };
		475FEF5F1F5454060047059F /* AddFoodViewController.m */ = {isa = PBXFileReference; fileEncoding = 4; lastKnownFileType = sourcecode.c.objc; path = AddFoodViewController.m; sourceTree = "<group>"; };
		475FEF601F5454060047059F /* AddFoodViewController.xib */ = {isa = PBXFileReference; fileEncoding = 4; lastKnownFileType = file.xib; path = AddFoodViewController.xib; sourceTree = "<group>"; };
		475FEF631F5457A60047059F /* libsqlite3.0.tbd */ = {isa = PBXFileReference; lastKnownFileType = "sourcecode.text-based-dylib-definition"; name = libsqlite3.0.tbd; path = usr/lib/libsqlite3.0.tbd; sourceTree = SDKROOT; };
		475FEF661F54580E0047059F /* DataBaseManager.h */ = {isa = PBXFileReference; fileEncoding = 4; lastKnownFileType = sourcecode.c.h; path = DataBaseManager.h; sourceTree = "<group>"; };
		475FEF671F54580E0047059F /* DataBaseManager.m */ = {isa = PBXFileReference; fileEncoding = 4; lastKnownFileType = sourcecode.c.objc; path = DataBaseManager.m; sourceTree = "<group>"; };
		47E5F89C1F54635200F5832B /* FoodModel.h */ = {isa = PBXFileReference; fileEncoding = 4; lastKnownFileType = sourcecode.c.h; path = FoodModel.h; sourceTree = "<group>"; };
		47E5F89D1F54635200F5832B /* FoodModel.m */ = {isa = PBXFileReference; fileEncoding = 4; lastKnownFileType = sourcecode.c.objc; path = FoodModel.m; sourceTree = "<group>"; };
		48E01FD8C015BF5D3101127B /* libPods-Recipes.a */ = {isa = PBXFileReference; explicitFileType = archive.ar; includeInIndex = 0; path = "libPods-Recipes.a"; sourceTree = BUILT_PRODUCTS_DIR; };
		8070802E9114CC2CAFEF74AB /* Pods-Recipes.debug.xcconfig */ = {isa = PBXFileReference; includeInIndex = 1; lastKnownFileType = text.xcconfig; name = "Pods-Recipes.debug.xcconfig"; path = "Pods/Target Support Files/Pods-Recipes/Pods-Recipes.debug.xcconfig"; sourceTree = "<group>"; };
/* End PBXFileReference section */

/* Begin PBXFrameworksBuildPhase section */
		475FEF0A1F51A2760047059F /* Frameworks */ = {
			isa = PBXFrameworksBuildPhase;
			buildActionMask = 2147483647;
			files = (
				475FEF641F5457A60047059F /* libsqlite3.0.tbd in Frameworks */,
				CC9A1951D81543A4F0FE2A3C /* libPods-Recipes.a in Frameworks */,
			);
			runOnlyForDeploymentPostprocessing = 0;
		};
/* End PBXFrameworksBuildPhase section */

/* Begin PBXGroup section */
		11CF2F2316B13DC04752C0E6 /* Pods */ = {
			isa = PBXGroup;
			children = (
				8070802E9114CC2CAFEF74AB /* Pods-Recipes.debug.xcconfig */,
				13B0E66D678D9077DEDA70D0 /* Pods-Recipes.release.xcconfig */,
			);
			name = Pods;
			sourceTree = "<group>";
		};
		26A06CAB8012881D4C8975D3 /* Frameworks */ = {
			isa = PBXGroup;
			children = (
				475FEF631F5457A60047059F /* libsqlite3.0.tbd */,
				48E01FD8C015BF5D3101127B /* libPods-Recipes.a */,
			);
			name = Frameworks;
			sourceTree = "<group>";
		};
		475FEF041F51A2760047059F = {
			isa = PBXGroup;
			children = (
				475FEF0F1F51A2760047059F /* Recipes */,
				475FEF0E1F51A2760047059F /* Products */,
				11CF2F2316B13DC04752C0E6 /* Pods */,
				26A06CAB8012881D4C8975D3 /* Frameworks */,
			);
			sourceTree = "<group>";
		};
		475FEF0E1F51A2760047059F /* Products */ = {
			isa = PBXGroup;
			children = (
				475FEF0D1F51A2760047059F /* Recipes.app */,
			);
			name = Products;
			sourceTree = "<group>";
		};
		475FEF0F1F51A2760047059F /* Recipes */ = {
			isa = PBXGroup;
			children = (
				475FEF651F5457EE0047059F /* manager */,
				475FEF341F51AC720047059F /* Home */,
				475FEF331F51AC720047059F /* Recipe */,
				475FEF351F51AC720047059F /* Refrigerator */,
				475FEF131F51A2760047059F /* AppDelegate.h */,
				475FEF141F51A2760047059F /* AppDelegate.m */,
				475FEF271F51A3EA0047059F /* RootViewController.h */,
				475FEF281F51A3EA0047059F /* RootViewController.m */,
				475FEF191F51A2760047059F /* Main.storyboard */,
				475FEF1C1F51A2760047059F /* Assets.xcassets */,
				475FEF1E1F51A2760047059F /* LaunchScreen.storyboard */,
				475FEF211F51A2760047059F /* Info.plist */,
				475FEF461F51B49D0047059F /* PrefixHeader.pch */,
				475FEF101F51A2760047059F /* Supporting Files */,
			);
			path = Recipes;
			sourceTree = "<group>";
		};
		475FEF101F51A2760047059F /* Supporting Files */ = {
			isa = PBXGroup;
			children = (
				475FEF111F51A2760047059F /* main.m */,
			);
			name = "Supporting Files";
			sourceTree = "<group>";
		};
		475FEF331F51AC720047059F /* Recipe */ = {
			isa = PBXGroup;
			children = (
				475FEF491F51D9B60047059F /* models */,
				475FEF4A1F51D9B60047059F /* views */,
				475FEF3B1F51ACB80047059F /* RecipesTableViewController.m */,
				475FEF5A1F5276550047059F /* RecipesTableViewController.h */,
				475FEF4B1F51D9D90047059F /* RecipesDetailViewController.h */,
				475FEF4C1F51D9D90047059F /* RecipesDetailViewController.m */,
			);
			path = Recipe;
			sourceTree = "<group>";
		};
		475FEF341F51AC720047059F /* Home */ = {
			isa = PBXGroup;
			children = (
				475FEF3F1F51ACCF0047059F /* modes */,
				475FEF401F51ACCF0047059F /* views */,
				475FEF381F51ACAF0047059F /* HomeTableViewController.h */,
				475FEF391F51ACAF0047059F /* HomeTableViewController.m */,
			);
			path = Home;
			sourceTree = "<group>";
		};
		475FEF351F51AC720047059F /* Refrigerator */ = {
			isa = PBXGroup;
			children = (
				475FEF471F51D9670047059F /* models */,
				475FEF481F51D9670047059F /* views */,
				475FEF371F51ACA50047059F /* FoodTableViewController.h */,
				475FEF581F5276440047059F /* FoodTableViewController.m */,
				475FEF5E1F5454060047059F /* AddFoodViewController.h */,
				475FEF5F1F5454060047059F /* AddFoodViewController.m */,
				475FEF601F5454060047059F /* AddFoodViewController.xib */,
				475FEF5B1F5279150047059F /* RefrigeratorViewController.h */,
				475FEF5C1F5279150047059F /* RefrigeratorViewController.m */,
			);
			path = Refrigerator;
			sourceTree = "<group>";
		};
		475FEF3F1F51ACCF0047059F /* modes */ = {
			isa = PBXGroup;
			children = (
			);
			path = modes;
			sourceTree = "<group>";
		};
		475FEF401F51ACCF0047059F /* views */ = {
			isa = PBXGroup;
			children = (
				475FEF411F51ACED0047059F /* OnkeyRecipesView.h */,
				475FEF421F51ACED0047059F /* OnkeyRecipesView.m */,
				475FEF441F51ACFF0047059F /* OnkeyRecipesView.xib */,
			);
			path = views;
			sourceTree = "<group>";
		};
		475FEF471F51D9670047059F /* models */ = {
			isa = PBXGroup;
			children = (
				47E5F89C1F54635200F5832B /* FoodModel.h */,
				47E5F89D1F54635200F5832B /* FoodModel.m */,
			);
			path = models;
			sourceTree = "<group>";
		};
		475FEF481F51D9670047059F /* views */ = {
			isa = PBXGroup;
			children = (
				475FEF531F5275900047059F /* RefrigeratorTableViewCell.h */,
				475FEF541F5275900047059F /* RefrigeratorTableViewCell.m */,
				475FEF551F5275900047059F /* RefrigeratorTableViewCell.xib */,
			);
			path = views;
			sourceTree = "<group>";
		};
		475FEF491F51D9B60047059F /* models */ = {
			isa = PBXGroup;
			children = (
			);
			path = models;
			sourceTree = "<group>";
		};
		475FEF4A1F51D9B60047059F /* views */ = {
			isa = PBXGroup;
			children = (
			);
			path = views;
			sourceTree = "<group>";
		};
		475FEF651F5457EE0047059F /* manager */ = {
			isa = PBXGroup;
			children = (
				475FEF661F54580E0047059F /* DataBaseManager.h */,
				475FEF671F54580E0047059F /* DataBaseManager.m */,
			);
			path = manager;
			sourceTree = "<group>";
		};
/* End PBXGroup section */

/* Begin PBXNativeTarget section */
		475FEF0C1F51A2760047059F /* Recipes */ = {
			isa = PBXNativeTarget;
			buildConfigurationList = 475FEF241F51A2760047059F /* Build configuration list for PBXNativeTarget "Recipes" */;
			buildPhases = (
				93ADEAC6BAA615A1608B860A /* [CP] Check Pods Manifest.lock */,
				475FEF091F51A2760047059F /* Sources */,
				475FEF0A1F51A2760047059F /* Frameworks */,
				475FEF0B1F51A2760047059F /* Resources */,
				B5F7D53F3654CA3163D40554 /* [CP] Embed Pods Frameworks */,
				170424B1013A79719278B401 /* [CP] Copy Pods Resources */,
			);
			buildRules = (
			);
			dependencies = (
			);
			name = Recipes;
			productName = Recipes;
			productReference = 475FEF0D1F51A2760047059F /* Recipes.app */;
			productType = "com.apple.product-type.application";
		};
/* End PBXNativeTarget section */

/* Begin PBXProject section */
		475FEF051F51A2760047059F /* Project object */ = {
			isa = PBXProject;
			attributes = {
				LastUpgradeCheck = 0830;
				ORGANIZATIONNAME = XYW;
				TargetAttributes = {
					475FEF0C1F51A2760047059F = {
						CreatedOnToolsVersion = 8.3.2;
						ProvisioningStyle = Automatic;
					};
				};
			};
			buildConfigurationList = 475FEF081F51A2760047059F /* Build configuration list for PBXProject "Recipes" */;
			compatibilityVersion = "Xcode 3.2";
			developmentRegion = English;
			hasScannedForEncodings = 0;
			knownRegions = (
				en,
				Base,
			);
			mainGroup = 475FEF041F51A2760047059F;
			productRefGroup = 475FEF0E1F51A2760047059F /* Products */;
			projectDirPath = "";
			projectRoot = "";
			targets = (
				475FEF0C1F51A2760047059F /* Recipes */,
			);
		};
/* End PBXProject section */

/* Begin PBXResourcesBuildPhase section */
		475FEF0B1F51A2760047059F /* Resources */ = {
			isa = PBXResourcesBuildPhase;
			buildActionMask = 2147483647;
			files = (
				475FEF201F51A2760047059F /* LaunchScreen.storyboard in Resources */,
				475FEF571F5275900047059F /* RefrigeratorTableViewCell.xib in Resources */,
				475FEF451F51ACFF0047059F /* OnkeyRecipesView.xib in Resources */,
				475FEF1D1F51A2760047059F /* Assets.xcassets in Resources */,
				475FEF621F5454060047059F /* AddFoodViewController.xib in Resources */,
				475FEF1B1F51A2760047059F /* Main.storyboard in Resources */,
			);
			runOnlyForDeploymentPostprocessing = 0;
		};
/* End PBXResourcesBuildPhase section */

/* Begin PBXShellScriptBuildPhase section */
		170424B1013A79719278B401 /* [CP] Copy Pods Resources */ = {
			isa = PBXShellScriptBuildPhase;
			buildActionMask = 2147483647;
			files = (
			);
			inputPaths = (
			);
			name = "[CP] Copy Pods Resources";
			outputPaths = (
			);
			runOnlyForDeploymentPostprocessing = 0;
			shellPath = /bin/sh;
			shellScript = "\"${SRCROOT}/Pods/Target Support Files/Pods-Recipes/Pods-Recipes-resources.sh\"\n";
			showEnvVarsInLog = 0;
		};
		93ADEAC6BAA615A1608B860A /* [CP] Check Pods Manifest.lock */ = {
			isa = PBXShellScriptBuildPhase;
			buildActionMask = 2147483647;
			files = (
			);
			inputPaths = (
			);
			name = "[CP] Check Pods Manifest.lock";
			outputPaths = (
			);
			runOnlyForDeploymentPostprocessing = 0;
			shellPath = /bin/sh;
			shellScript = "diff \"${PODS_ROOT}/../Podfile.lock\" \"${PODS_ROOT}/Manifest.lock\" > /dev/null\nif [ $? != 0 ] ; then\n    # print error to STDERR\n    echo \"error: The sandbox is not in sync with the Podfile.lock. Run 'pod install' or update your CocoaPods installation.\" >&2\n    exit 1\nfi\n";
			showEnvVarsInLog = 0;
		};
		B5F7D53F3654CA3163D40554 /* [CP] Embed Pods Frameworks */ = {
			isa = PBXShellScriptBuildPhase;
			buildActionMask = 2147483647;
			files = (
			);
			inputPaths = (
			);
			name = "[CP] Embed Pods Frameworks";
			outputPaths = (
			);
			runOnlyForDeploymentPostprocessing = 0;
			shellPath = /bin/sh;
			shellScript = "\"${SRCROOT}/Pods/Target Support Files/Pods-Recipes/Pods-Recipes-frameworks.sh\"\n";
			showEnvVarsInLog = 0;
		};
/* End PBXShellScriptBuildPhase section */

/* Begin PBXSourcesBuildPhase section */
		475FEF091F51A2760047059F /* Sources */ = {
			isa = PBXSourcesBuildPhase;
			buildActionMask = 2147483647;
			files = (
				475FEF5D1F5279150047059F /* RefrigeratorViewController.m in Sources */,
				475FEF3A1F51ACAF0047059F /* HomeTableViewController.m in Sources */,
				475FEF591F5276440047059F /* FoodTableViewController.m in Sources */,
				475FEF151F51A2760047059F /* AppDelegate.m in Sources */,
				475FEF3D1F51ACB80047059F /* RecipesTableViewController.m in Sources */,
				475FEF431F51ACED0047059F /* OnkeyRecipesView.m in Sources */,
				475FEF4D1F51D9D90047059F /* RecipesDetailViewController.m in Sources */,
				475FEF291F51A3EA0047059F /* RootViewController.m in Sources */,
				475FEF681F54580E0047059F /* DataBaseManager.m in Sources */,
				475FEF121F51A2760047059F /* main.m in Sources */,
				47E5F89E1F54635200F5832B /* FoodModel.m in Sources */,
				475FEF611F5454060047059F /* AddFoodViewController.m in Sources */,
				475FEF561F5275900047059F /* RefrigeratorTableViewCell.m in Sources */,
			);
			runOnlyForDeploymentPostprocessing = 0;
		};
/* End PBXSourcesBuildPhase section */

/* Begin PBXVariantGroup section */
		475FEF191F51A2760047059F /* Main.storyboard */ = {
			isa = PBXVariantGroup;
			children = (
				475FEF1A1F51A2760047059F /* Base */,
			);
			name = Main.storyboard;
			sourceTree = "<group>";
		};
		475FEF1E1F51A2760047059F /* LaunchScreen.storyboard */ = {
			isa = PBXVariantGroup;
			children = (
				475FEF1F1F51A2760047059F /* Base */,
			);
			name = LaunchScreen.storyboard;
			sourceTree = "<group>";
		};
/* End PBXVariantGroup section */

/* Begin XCBuildConfiguration section */
		475FEF221F51A2760047059F /* Debug */ = {
			isa = XCBuildConfiguration;
			buildSettings = {
				ALWAYS_SEARCH_USER_PATHS = NO;
				CLANG_ANALYZER_NONNULL = YES;
				CLANG_ANALYZER_NUMBER_OBJECT_CONVERSION = YES_AGGRESSIVE;
				CLANG_CXX_LANGUAGE_STANDARD = "gnu++0x";
				CLANG_CXX_LIBRARY = "libc++";
				CLANG_ENABLE_MODULES = YES;
				CLANG_ENABLE_OBJC_ARC = YES;
				CLANG_WARN_BOOL_CONVERSION = YES;
				CLANG_WARN_CONSTANT_CONVERSION = YES;
				CLANG_WARN_DIRECT_OBJC_ISA_USAGE = YES_ERROR;
				CLANG_WARN_DOCUMENTATION_COMMENTS = YES;
				CLANG_WARN_EMPTY_BODY = YES;
				CLANG_WARN_ENUM_CONVERSION = YES;
				CLANG_WARN_INFINITE_RECURSION = YES;
				CLANG_WARN_INT_CONVERSION = YES;
				CLANG_WARN_OBJC_ROOT_CLASS = YES_ERROR;
				CLANG_WARN_SUSPICIOUS_MOVE = YES;
				CLANG_WARN_UNREACHABLE_CODE = YES;
				CLANG_WARN__DUPLICATE_METHOD_MATCH = YES;
				"CODE_SIGN_IDENTITY[sdk=iphoneos*]" = "iPhone Developer";
				COPY_PHASE_STRIP = NO;
				DEBUG_INFORMATION_FORMAT = dwarf;
				ENABLE_STRICT_OBJC_MSGSEND = YES;
				ENABLE_TESTABILITY = YES;
				GCC_C_LANGUAGE_STANDARD = gnu99;
				GCC_DYNAMIC_NO_PIC = NO;
				GCC_NO_COMMON_BLOCKS = YES;
				GCC_OPTIMIZATION_LEVEL = 0;
				GCC_PREPROCESSOR_DEFINITIONS = (
					"DEBUG=1",
					"$(inherited)",
				);
				GCC_WARN_64_TO_32_BIT_CONVERSION = YES;
				GCC_WARN_ABOUT_RETURN_TYPE = YES_ERROR;
				GCC_WARN_UNDECLARED_SELECTOR = YES;
				GCC_WARN_UNINITIALIZED_AUTOS = YES_AGGRESSIVE;
				GCC_WARN_UNUSED_FUNCTION = YES;
				GCC_WARN_UNUSED_VARIABLE = YES;
				IPHONEOS_DEPLOYMENT_TARGET = 10.3;
				MTL_ENABLE_DEBUG_INFO = YES;
				ONLY_ACTIVE_ARCH = YES;
				SDKROOT = iphoneos;
			};
			name = Debug;
		};
		475FEF231F51A2760047059F /* Release */ = {
			isa = XCBuildConfiguration;
			buildSettings = {
				ALWAYS_SEARCH_USER_PATHS = NO;
				CLANG_ANALYZER_NONNULL = YES;
				CLANG_ANALYZER_NUMBER_OBJECT_CONVERSION = YES_AGGRESSIVE;
				CLANG_CXX_LANGUAGE_STANDARD = "gnu++0x";
				CLANG_CXX_LIBRARY = "libc++";
				CLANG_ENABLE_MODULES = YES;
				CLANG_ENABLE_OBJC_ARC = YES;
				CLANG_WARN_BOOL_CONVERSION = YES;
				CLANG_WARN_CONSTANT_CONVERSION = YES;
				CLANG_WARN_DIRECT_OBJC_ISA_USAGE = YES_ERROR;
				CLANG_WARN_DOCUMENTATION_COMMENTS = YES;
				CLANG_WARN_EMPTY_BODY = YES;
				CLANG_WARN_ENUM_CONVERSION = YES;
				CLANG_WARN_INFINITE_RECURSION = YES;
				CLANG_WARN_INT_CONVERSION = YES;
				CLANG_WARN_OBJC_ROOT_CLASS = YES_ERROR;
				CLANG_WARN_SUSPICIOUS_MOVE = YES;
				CLANG_WARN_UNREACHABLE_CODE = YES;
				CLANG_WARN__DUPLICATE_METHOD_MATCH = YES;
				"CODE_SIGN_IDENTITY[sdk=iphoneos*]" = "iPhone Developer";
				COPY_PHASE_STRIP = NO;
				DEBUG_INFORMATION_FORMAT = "dwarf-with-dsym";
				ENABLE_NS_ASSERTIONS = NO;
				ENABLE_STRICT_OBJC_MSGSEND = YES;
				GCC_C_LANGUAGE_STANDARD = gnu99;
				GCC_NO_COMMON_BLOCKS = YES;
				GCC_WARN_64_TO_32_BIT_CONVERSION = YES;
				GCC_WARN_ABOUT_RETURN_TYPE = YES_ERROR;
				GCC_WARN_UNDECLARED_SELECTOR = YES;
				GCC_WARN_UNINITIALIZED_AUTOS = YES_AGGRESSIVE;
				GCC_WARN_UNUSED_FUNCTION = YES;
				GCC_WARN_UNUSED_VARIABLE = YES;
				IPHONEOS_DEPLOYMENT_TARGET = 10.3;
				MTL_ENABLE_DEBUG_INFO = NO;
				SDKROOT = iphoneos;
				VALIDATE_PRODUCT = YES;
			};
			name = Release;
		};
		475FEF251F51A2760047059F /* Debug */ = {
			isa = XCBuildConfiguration;
			baseConfigurationReference = 8070802E9114CC2CAFEF74AB /* Pods-Recipes.debug.xcconfig */;
			buildSettings = {
				ASSETCATALOG_COMPILER_APPICON_NAME = AppIcon;
				GCC_PREFIX_HEADER = "$(SRCROOT)/Recipes/PrefixHeader.pch";
				INFOPLIST_FILE = Recipes/Info.plist;
				LD_RUNPATH_SEARCH_PATHS = "$(inherited) @executable_path/Frameworks";
				PRODUCT_BUNDLE_IDENTIFIER = pub.xyw.Recipes;
				PRODUCT_NAME = "$(TARGET_NAME)";
			};
			name = Debug;
		};
		475FEF261F51A2760047059F /* Release */ = {
			isa = XCBuildConfiguration;
			baseConfigurationReference = 13B0E66D678D9077DEDA70D0 /* Pods-Recipes.release.xcconfig */;
			buildSettings = {
				ASSETCATALOG_COMPILER_APPICON_NAME = AppIcon;
				GCC_PREFIX_HEADER = "$(SRCROOT)/Recipes/PrefixHeader.pch";
				INFOPLIST_FILE = Recipes/Info.plist;
				LD_RUNPATH_SEARCH_PATHS = "$(inherited) @executable_path/Frameworks";
				PRODUCT_BUNDLE_IDENTIFIER = pub.xyw.Recipes;
				PRODUCT_NAME = "$(TARGET_NAME)";
			};
			name = Release;
		};
/* End XCBuildConfiguration section */

/* Begin XCConfigurationList section */
		475FEF081F51A2760047059F /* Build configuration list for PBXProject "Recipes" */ = {
			isa = XCConfigurationList;
			buildConfigurations = (
				475FEF221F51A2760047059F /* Debug */,
				475FEF231F51A2760047059F /* Release */,
			);
			defaultConfigurationIsVisible = 0;
			defaultConfigurationName = Release;
		};
		475FEF241F51A2760047059F /* Build configuration list for PBXNativeTarget "Recipes" */ = {
			isa = XCConfigurationList;
			buildConfigurations = (
				475FEF251F51A2760047059F /* Debug */,
				475FEF261F51A2760047059F /* Release */,
			);
			defaultConfigurationIsVisible = 0;
			defaultConfigurationName = Release;
		};
/* End XCConfigurationList section */
	};
	rootObject = 475FEF051F51A2760047059F /* Project object */;
}
